
Microsoft Visual Studio Solution File, Format Version 12.00
# Visual Studio Version 17
VisualStudioVersion = 17.9.34728.123
MinimumVisualStudioVersion = 10.0.40219.1
Project("{9A19103F-16F7-4668-BE54-9A1E7A4F7556}") = "BusinessObjects", "BusinessObjects\BusinessObjects.csproj", "{B9B8A64F-6375-41B6-B58A-06244A798653}"
EndProject
Project("{FAE04EC0-301F-11D3-BF4B-00C04F79EFBC}") = "Services", "Services\Services.csproj", "{CA42BB54-3339-411F-A94B-DB99969955D8}"
EndProject
Project("{FAE04EC0-301F-11D3-BF4B-00C04F79EFBC}") = "LMSWPF", "LMSWPF\LMSWPF.csproj", "{BE7846F3-F54D-4F03-95A1-F95126EE0150}"
EndProject
Global
	GlobalSection(SolutionConfigurationPlatforms) = preSolution
		Debug|Any CPU = Debug|Any CPU
		Release|Any CPU = Release|Any CPU
	EndGlobalSection
	GlobalSection(ProjectConfigurationPlatforms) = postSolution
		{B9B8A64F-6375-41B6-B58A-06244A798653}.Debug|Any CPU.ActiveCfg = Debug|Any CPU
		{B9B8A64F-6375-41B6-B58A-06244A798653}.Debug|Any CPU.Build.0 = Debug|Any CPU
		{B9B8A64F-6375-41B6-B58A-06244A798653}.Release|Any CPU.ActiveCfg = Release|Any CPU
		{B9B8A64F-6375-41B6-B58A-06244A798653}.Release|Any CPU.Build.0 = Release|Any CPU
		{CA42BB54-3339-411F-A94B-DB99969955D8}.Debug|Any CPU.ActiveCfg = Debug|Any CPU
		{CA42BB54-3339-411F-A94B-DB99969955D8}.Debug|Any CPU.Build.0 = Debug|Any CPU
		{CA42BB54-3339-411F-A94B-DB99969955D8}.Release|Any CPU.ActiveCfg = Release|Any CPU
		{CA42BB54-3339-411F-A94B-DB99969955D8}.Release|Any CPU.Build.0 = Release|Any CPU
		{BE7846F3-F54D-4F03-95A1-F95126EE0150}.Debug|Any CPU.ActiveCfg = Debug|Any CPU
		{BE7846F3-F54D-4F03-95A1-F95126EE0150}.Debug|Any CPU.Build.0 = Debug|Any CPU
		{BE7846F3-F54D-4F03-95A1-F95126EE0150}.Release|Any CPU.ActiveCfg = Release|Any CPU
		{BE7846F3-F54D-4F03-95A1-F95126EE0150}.Release|Any CPU.Build.0 = Release|Any CPU
	EndGlobalSection
	GlobalSection(SolutionProperties) = preSolution
		HideSolutionNode = FALSE
	EndGlobalSection
	GlobalSection(ExtensibilityGlobals) = postSolution
		SolutionGuid = {198C8C38-AF81-444B-8A84-A8F9BE971712}
	EndGlobalSection
EndGlobal
